<?xml version="1.0" encoding="utf-8"?>
<Project ToolsVersion="4.0" xmlns="http://schemas.microsoft.com/developer/msbuild/2003">
  <ItemGroup>
    <Filter Include="Source Files">
      <UniqueIdentifier>{4FC737F1-C7A5-4376-A066-2A32D752A2FF}</UniqueIdentifier>
      <Extensions>cpp;c;cc;cxx;def;odl;idl;hpj;bat;asm;asmx</Extensions>
    </Filter>
    <Filter Include="Header Files">
      <UniqueIdentifier>{93995380-89BD-4b04-88EB-625FBE52EBFB}</UniqueIdentifier>
      <Extensions>h;hh;hpp;hxx;hm;inl;inc;xsd</Extensions>
    </Filter>
    <Filter Include="Resource Files">
      <UniqueIdentifier>{67DA6AB6-F800-4c08-8B7A-83BB121AAD01}</UniqueIdentifier>
      <Extensions>rc;ico;cur;bmp;dlg;rc2;rct;bin;rgs;gif;jpg;jpeg;jpe;resx;tiff;tif;png;wav</Extensions>
    </Filter>
  </ItemGroup>
  <ItemGroup>
    <ClCompile Include="src\module3.cpp">
      <Filter>Source Files</Filter>
    </ClCompile>
    <ClCompile Include="src\operand.cpp">
      <Filter>Source Files</Filter>
    </ClCompile>
    <ClCompile Include="src\parse.cpp">
      <Filter>Source Files</Filter>
    </ClCompile>
    <ClCompile Include="src\subexpression.cpp">
      <Filter>Source Files</Filter>
    </ClCompile>
    <ClCompile Include="src\symboltable.cpp">
      <Filter>Source Files</Filter>
    </ClCompile>
    <ClCompile Include="src\variable.cpp">
      <Filter>Source Files</Filter>
    </ClCompile>
  </ItemGroup>
  <ItemGroup>
    <ClInclude Include="src\divide.h">
      <Filter>Header Files</Filter>
    </ClInclude>
    <ClInclude Include="src\expression.h">
      <Filter>Header Files</Filter>
    </ClInclude>
    <ClInclude Include="src\literal.h">
      <Filter>Header Files</Filter>
    </ClInclude>
    <ClInclude Include="src\minus.h">
      <Filter>Header Files</Filter>
    </ClInclude>
    <ClInclude Include="src\operand.h">
      <Filter>Header Files</Filter>
    </ClInclude>
    <ClInclude Include="src\parse.h">
      <Filter>Header Files</Filter>
    </ClInclude>
    <ClInclude Include="src\plus.h">
      <Filter>Header Files</Filter>
    </ClInclude>
    <ClInclude Include="src\subexpression.h">
      <Filter>Header Files</Filter>
    </ClInclude>
    <ClInclude Include="src\symboltable.h">
      <Filter>Header Files</Filter>
    </ClInclude>
    <ClInclude Include="src\times.h">
      <Filter>Header Files</Filter>
    </ClInclude>
    <ClInclude Include="src\variable.h">
      <Filter>Header Files</Filter>
    </ClInclude>
    <ClInclude Include="src\greaterThan.h">
      <Filter>Header Files</Filter>
    </ClInclude>
    <ClInclude Include="src\equalTo.h">
      <Filter>Header Files</Filter>
    </ClInclude>
    <ClInclude Include="src\lessThan.h">
      <Filter>Header Files</Filter>
    </ClInclude>
    <ClInclude Include="src\logAnd.h">
      <Filter>Header Files</Filter>
    </ClInclude>
    <ClInclude Include="src\logOr.h">
      <Filter>Header Files</Filter>
    </ClInclude>
    <ClInclude Include="src\logNeg.h">
      <Filter>Header Files</Filter>
    </ClInclude>
    <ClInclude Include="src\conditional.h">
      <Filter>Header Files</Filter>
    </ClInclude>
  </ItemGroup>
</Project>